
Microsoft Visual Studio Solution File, Format Version 12.00
# Visual Studio Version 16
VisualStudioVersion = 16.0.30621.155
MinimumVisualStudioVersion = 10.0.40219.1
Project("{FAE04EC0-301F-11D3-BF4B-00C04F79EFBC}") = "APISoftlandAnclaflex", "APISoftlandAnclaflex\APISoftlandAnclaflex.csproj", "{F61414A7-34FB-45F9-B435-F4A3728899B4}"
EndProject
Global
	GlobalSection(SolutionConfigurationPlatforms) = preSolution
		Debug|Any CPU = Debug|Any CPU
		Release|Any CPU = Release|Any CPU
	EndGlobalSection
	GlobalSection(ProjectConfigurationPlatforms) = postSolution
		{F61414A7-34FB-45F9-B435-F4A3728899B4}.Debug|Any CPU.ActiveCfg = Debug|Any CPU
		{F61414A7-34FB-45F9-B435-F4A3728899B4}.Debug|Any CPU.Build.0 = Debug|Any CPU
		{F61414A7-34FB-45F9-B435-F4A3728899B4}.Release|Any CPU.ActiveCfg = Release|Any CPU
		{F61414A7-34FB-45F9-B435-F4A3728899B4}.Release|Any CPU.Build.0 = Release|Any CPU
	EndGlobalSection
	GlobalSection(SolutionProperties) = preSolution
		HideSolutionNode = FALSE
	EndGlobalSection
	GlobalSection(ExtensibilityGlobals) = postSolution
		SolutionGuid = {BC95D4B2-DE0F-4C1D-9347-8FA2D2A8E1E9}
	EndGlobalSection
EndGlobal
